
Microsoft Visual Studio Solution File, Format Version 12.00
# Visual Studio Version 17
VisualStudioVersion = 17.5.002.0
MinimumVisualStudioVersion = 10.0.40219.1
Project("{9A19103F-16F7-4668-BE54-9A1E7A4F7556}") = "helloworld", "helloworld.csproj", "{CE5846EE-109E-448E-9FD2-B1558129E132}"
EndProject
Global
	GlobalSection(SolutionConfigurationPlatforms) = preSolution
		Debug|Any CPU = Debug|Any CPU
		Release|Any CPU = Release|Any CPU
	EndGlobalSection
	GlobalSection(ProjectConfigurationPlatforms) = postSolution
		{CE5846EE-109E-448E-9FD2-B1558129E132}.Debug|Any CPU.ActiveCfg = Debug|Any CPU
		{CE5846EE-109E-448E-9FD2-B1558129E132}.Debug|Any CPU.Build.0 = Debug|Any CPU
		{CE5846EE-109E-448E-9FD2-B1558129E132}.Release|Any CPU.ActiveCfg = Release|Any CPU
		{CE5846EE-109E-448E-9FD2-B1558129E132}.Release|Any CPU.Build.0 = Release|Any CPU
	EndGlobalSection
	GlobalSection(SolutionProperties) = preSolution
		HideSolutionNode = FALSE
	EndGlobalSection
	GlobalSection(ExtensibilityGlobals) = postSolution
		SolutionGuid = {4DEFED36-6212-45D1-A1B9-EAC8BB9EE274}
	EndGlobalSection
EndGlobal
